# THIS IS AN AUTOGENERATED FILE. DO NOT EDIT THIS FILE DIRECTLY.
# yarn lockfile v1


tcore.js@^0.0.1-alpha3:
  version "0.0.1-alpha3"
  resolved "https://registry.yarnpkg.com/tcore.js/-/tcore.js-0.0.1-alpha3.tgz#f5896cffa22b3bb5a659f97f02093055ff4297b6"
  integrity sha512-C2vf3oXXHjs/D7S3F/CjoGXqQFifzm4Mr09fTW5HpAvaHYAN89JhPBSVpTQ/o4M2k+1yT27vrL/1g7+9py+Mhg==
